PATH
  remote: .
  specs:
    gitlab-bitbucket (0.1.0)
      activesupport (>= 7, < 9)
      httparty (~> 0.24)
      oauth2 (~> 2.0)
      omniauth-oauth2 (~> 1.8)
      rack (>= 2.2)

GEM
  remote: https://rubygems.org/
  specs:
    activesupport (8.1.3)
      base64
      bigdecimal
      concurrent-ruby (~> 1.0, >= 1.3.1)
      connection_pool (>= 2.2.5)
      drb
      i18n (>= 1.6, < 2)
      json
      logger (>= 1.4.2)
      minitest (>= 5.1)
      securerandom (>= 0.3)
      tzinfo (~> 2.0, >= 2.0.5)
      uri (>= 0.13.1)
    addressable (2.9.0)
      public_suffix (>= 2.0.2, < 8.0)
    anonymous_loader (0.1.2)
      version_gem (~> 1.1, >= 1.1.13)
    ast (2.4.3)
    auth-sanitizer (0.2.2)
      version_gem (~> 1.1, >= 1.1.10)
    base64 (0.3.0)
    bigdecimal (3.3.1)
    binding_of_caller (2.0.0)
      debug_inspector (>= 1.2.0)
    concurrent-ruby (1.3.7)
    connection_pool (3.0.2)
    crack (1.0.1)
      bigdecimal
      rexml
    csv (3.3.5)
    debug_inspector (1.2.0)
    diff-lcs (1.6.2)
    drb (2.2.3)
    faraday (2.14.3)
      faraday-net_http (>= 2.0, < 3.5)
      json
      logger
    faraday-net_http (3.4.4)
      net-http (~> 0.5)
    gitlab-styles (13.1.0)
      rubocop (= 1.71.1)
      rubocop-capybara (~> 2.21.0)
      rubocop-factory_bot (~> 2.26.1)
      rubocop-graphql (~> 1.5.4)
      rubocop-performance (~> 1.21.1)
      rubocop-rails (~> 2.26.0)
      rubocop-rspec (~> 3.0.4)
      rubocop-rspec_rails (~> 2.30.0)
    hashdiff (1.2.1)
    hashie (5.1.0)
      logger
    httparty (0.24.2)
      csv
      mini_mime (>= 1.0.0)
      multi_xml (>= 0.5.2)
    i18n (1.15.2)
      concurrent-ruby (~> 1.0)
    json (2.19.9)
    jwt (3.2.0)
      base64
    language_server-protocol (3.17.0.5)
    logger (1.7.0)
    mini_mime (1.1.5)
    minitest (6.0.6)
      drb (~> 2.0)
      prism (~> 1.5)
    multi_xml (0.9.1)
      bigdecimal (>= 3.1, < 5)
    net-http (0.6.0)
      uri
    oauth2 (2.0.24)
      anonymous_loader (~> 0.1, >= 0.1.1)
      auth-sanitizer (~> 0.2, >= 0.2.2)
      faraday (>= 0.17.3, < 4.0)
      jwt (>= 1.0, < 4.0)
      logger (~> 1.2)
      multi_xml (~> 0.5)
      rack (>= 1.2, < 4)
      snaky_hash (~> 2.0, >= 2.0.6)
      version_gem (~> 1.1, >= 1.1.12)
    omniauth (2.1.4)
      hashie (>= 3.4.6)
      logger
      rack (>= 2.2.3)
      rack-protection
    omniauth-oauth2 (1.9.0)
      oauth2 (>= 2.0.2, < 3)
      omniauth (~> 2.0)
    parallel (1.28.0)
    parser (3.3.11.1)
      ast (~> 2.4.1)
      racc
    prism (1.9.0)
    proc_to_ast (0.2.0)
      parser
      rouge
      unparser
    public_suffix (7.0.5)
    racc (1.8.1)
    rack (3.2.6)
    rack-protection (4.2.1)
      base64 (>= 0.1.0)
      logger (>= 1.6.0)
      rack (>= 3.0.0, < 4)
    rainbow (3.1.1)
    regexp_parser (2.12.0)
    rexml (3.4.4)
    rouge (5.0.0)
      strscan (~> 3.1)
    rspec (3.13.2)
      rspec-core (~> 3.13.0)
      rspec-expectations (~> 3.13.0)
      rspec-mocks (~> 3.13.0)
    rspec-core (3.13.6)
      rspec-support (~> 3.13.0)
    rspec-expectations (3.13.5)
      diff-lcs (>= 1.2.0, < 2.0)
      rspec-support (~> 3.13.0)
    rspec-mocks (3.13.8)
      diff-lcs (>= 1.2.0, < 2.0)
      rspec-support (~> 3.13.0)
    rspec-parameterized (1.0.2)
      rspec-parameterized-core (< 2)
      rspec-parameterized-table_syntax (< 2)
    rspec-parameterized-core (1.0.1)
      parser
      proc_to_ast (>= 0.2.0)
      rspec (>= 2.13, < 4)
      unparser
    rspec-parameterized-table_syntax (1.0.1)
      binding_of_caller
      rspec-parameterized-core (< 2)
    rspec-support (3.13.7)
    rubocop (1.71.1)
      json (~> 2.3)
      language_server-protocol (>= 3.17.0)
      parallel (~> 1.10)
      parser (>= 3.3.0.2)
      rainbow (>= 2.2.2, < 4.0)
      regexp_parser (>= 2.9.3, < 3.0)
      rubocop-ast (>= 1.38.0, < 2.0)
      ruby-progressbar (~> 1.7)
      unicode-display_width (>= 2.4.0, < 4.0)
    rubocop-ast (1.49.1)
      parser (>= 3.3.7.2)
      prism (~> 1.7)
    rubocop-capybara (2.21.0)
      rubocop (~> 1.41)
    rubocop-factory_bot (2.26.1)
      rubocop (~> 1.61)
    rubocop-graphql (1.5.4)
      rubocop (>= 1.50, < 2)
    rubocop-performance (1.21.1)
      rubocop (>= 1.48.1, < 2.0)
      rubocop-ast (>= 1.31.1, < 2.0)
    rubocop-rails (2.26.2)
      activesupport (>= 4.2.0)
      rack (>= 1.1)
      rubocop (>= 1.52.0, < 2.0)
      rubocop-ast (>= 1.31.1, < 2.0)
    rubocop-rspec (3.0.5)
      rubocop (~> 1.61)
    rubocop-rspec_rails (2.30.0)
      rubocop (~> 1.61)
      rubocop-rspec (~> 3, >= 3.0.1)
    ruby-progressbar (1.13.0)
    securerandom (0.4.1)
    snaky_hash (2.0.6)
      hashie (>= 0.1.0, < 6)
      version_gem (>= 1.1.8, < 3)
    strscan (3.1.8)
    tzinfo (2.0.6)
      concurrent-ruby (~> 1.0)
    unicode-display_width (3.2.0)
      unicode-emoji (~> 4.1)
    unicode-emoji (4.2.0)
    unparser (0.9.0)
      diff-lcs (>= 1.6, < 3)
      parser (>= 3.3.0)
      prism (>= 1.5.1)
    uri (1.1.1)
    version_gem (1.1.13)
    webmock (3.26.2)
      addressable (>= 2.8.0)
      crack (>= 0.3.2)
      hashdiff (>= 0.4.0, < 2.0.0)

PLATFORMS
  aarch64-linux-gnu
  aarch64-linux-musl
  arm-linux-gnu
  arm-linux-musl
  arm64-darwin
  x86_64-darwin
  x86_64-linux-gnu
  x86_64-linux-musl

DEPENDENCIES
  gitlab-bitbucket!
  gitlab-styles (~> 13.0)
  rspec (~> 3.12)
  rspec-parameterized (~> 1.0)
  webmock (~> 3.18)

CHECKSUMS
  activesupport (8.1.3) sha256=21a5e0dfbd4c3ddd9e1317ec6a4d782fa226e7867dc70b0743acda81a1dca20e
  addressable (2.9.0) sha256=7fdf6ac3660f7f4e867a0838be3f6cf722ace541dd97767fa42bc6cfa980c7af
  anonymous_loader (0.1.2) sha256=8ccf77c3f0812fb93d47956fdd6f30344a3835864e3cb1431ca597905985efc2
  ast (2.4.3) sha256=954615157c1d6a382bc27d690d973195e79db7f55e9765ac7c481c60bdb4d383
  auth-sanitizer (0.2.2) sha256=300112debb67fe5e7a4f67a697790cea09744970e816745afb1f4235d6f27bae
  base64 (0.3.0) sha256=27337aeabad6ffae05c265c450490628ef3ebd4b67be58257393227588f5a97b
  bigdecimal (3.3.1) sha256=eaa01e228be54c4f9f53bf3cc34fe3d5e845c31963e7fcc5bedb05a4e7d52218
  binding_of_caller (2.0.0) sha256=e53eebf8428a85587aede7b43a83e7419eb85b8b690938a96aa330d03052d517
  concurrent-ruby (1.3.7) sha256=4412caec3a5ea2e5fdc52076724c071a81f2c0593d83b2ac8cbb8ca63b3151b0
  connection_pool (3.0.2) sha256=33fff5ba71a12d2aa26cb72b1db8bba2a1a01823559fb01d29eb74c286e62e0a
  crack (1.0.1) sha256=ff4a10390cd31d66440b7524eb1841874db86201d5b70032028553130b6d4c7e
  csv (3.3.5) sha256=6e5134ac3383ef728b7f02725d9872934f523cb40b961479f69cf3afa6c8e73f
  debug_inspector (1.2.0) sha256=9bdfa02eebc3da163833e6a89b154084232f5766087e59573b70521c77ea68a2
  diff-lcs (1.6.2) sha256=9ae0d2cba7d4df3075fe8cd8602a8604993efc0dfa934cff568969efb1909962
  drb (2.2.3) sha256=0b00d6fdb50995fe4a45dea13663493c841112e4068656854646f418fda13373
  faraday (2.14.3) sha256=1882247e6766615c8220b4392bf1d27f6ebb63d8e28267587cef1fb0bf37f278
  faraday-net_http (3.4.4) sha256=0e78af151747ed1b00f33e25973b4bc220d7f16c00c39676817c8b12331eb588
  gitlab-bitbucket (0.1.0)
  gitlab-styles (13.1.0) sha256=46c7c5729616355868b7b40a4ffcd052b36346076042abe8cafaee1688cbf2c1
  hashdiff (1.2.1) sha256=9c079dbc513dfc8833ab59c0c2d8f230fa28499cc5efb4b8dd276cf931457cd1
  hashie (5.1.0) sha256=c266471896f323c446ea8207f8ffac985d2718df0a0ba98651a3057096ca3870
  httparty (0.24.2) sha256=8fca6a54aa0c4aa4303a0fd33e5e2156175d6a5334f714263b458abd7fda9c38
  i18n (1.15.2) sha256=00f9eb62412fe593b2a65a97daa75300d37abb8f7202ec748e94b6d46a9dd1b5
  json (2.19.9) sha256=9b9025b7cdddafa38d316eca0b2358488e42d417045c1b90d216a9fefe46b79a
  jwt (3.2.0) sha256=5419b1fe37b1da0982bd07051f573a8b8789ab724c2aa7e785e4784a3ed217d7
  language_server-protocol (3.17.0.5) sha256=fd1e39a51a28bf3eec959379985a72e296e9f9acfce46f6a79d31ca8760803cc
  logger (1.7.0) sha256=196edec7cc44b66cfb40f9755ce11b392f21f7967696af15d274dde7edff0203
  mini_mime (1.1.5) sha256=8681b7e2e4215f2a159f9400b5816d85e9d8c6c6b491e96a12797e798f8bccef
  minitest (6.0.6) sha256=153ea36d1d987a62942382b61075745042a2b3123b1cd48f4c3675af9cc7d6f1
  multi_xml (0.9.1) sha256=7ce766b59c17241ed62976caeae1fae9b2431b263398c35396239a68c4a64e57
  net-http (0.6.0) sha256=9621b20c137898af9d890556848c93603716cab516dc2c89b01a38b894e259fb
  oauth2 (2.0.24) sha256=3d4864983ab9fb7d3c836bca9635ef7b347631918fa890fcd9793d40ec82c186
  omniauth (2.1.4) sha256=42a05b0496f0d22e1dd85d42aaf602f064e36bb47a6826a27ab55e5ba608763c
  omniauth-oauth2 (1.9.0) sha256=ed15f6d9d20991807ce114cc5b9c1453bce3645b64e51c68c90cff5ff153fee8
  parallel (1.28.0) sha256=33e6de1484baf2524792d178b0913fc8eb94c628d6cfe45599ad4458c638c970
  parser (3.3.11.1) sha256=d17ace7aabe3e72c3cc94043714be27cc6f852f104d81aa284c2281aecc65d54
  prism (1.9.0) sha256=7b530c6a9f92c24300014919c9dcbc055bf4cdf51ec30aed099b06cd6674ef85
  proc_to_ast (0.2.0) sha256=4bb446419c3878c21d8792f8a129616690168f636b9e460b5a0ed26dd6680bbe
  public_suffix (7.0.5) sha256=1a8bb08f1bbea19228d3bed6e5ed908d1cb4f7c2726d18bd9cadf60bc676f623
  racc (1.8.1) sha256=4a7f6929691dbec8b5209a0b373bc2614882b55fc5d2e447a21aaa691303d62f
  rack (3.2.6) sha256=5ed78e1f73b2e25679bec7d45ee2d4483cc4146eb1be0264fc4d94cb5ef212c2
  rack-protection (4.2.1) sha256=cf6e2842df8c55f5e4d1a4be015e603e19e9bc3a7178bae58949ccbb58558bac
  rainbow (3.1.1) sha256=039491aa3a89f42efa1d6dec2fc4e62ede96eb6acd95e52f1ad581182b79bc6a
  regexp_parser (2.12.0) sha256=35a916a1d63190ab5c9009457136ae5f3c0c7512d60291d0d1378ba18ce08ebb
  rexml (3.4.4) sha256=19e0a2c3425dfbf2d4fc1189747bdb2f849b6c5e74180401b15734bc97b5d142
  rouge (5.0.0) sha256=e2de9bba2f9cb88f8a73bca3643b560b2b398f32f91bf716f584477bc0175ebc
  rspec (3.13.2) sha256=206284a08ad798e61f86d7ca3e376718d52c0bc944626b2349266f239f820587
  rspec-core (3.13.6) sha256=a8823c6411667b60a8bca135364351dda34cd55e44ff94c4be4633b37d828b2d
  rspec-expectations (3.13.5) sha256=33a4d3a1d95060aea4c94e9f237030a8f9eae5615e9bd85718fe3a09e4b58836
  rspec-mocks (3.13.8) sha256=086ad3d3d17533f4237643de0b5c42f04b66348c28bf6b9c2d3f4a3b01af1d47
  rspec-parameterized (1.0.2) sha256=b456dec0091924175ac13963e173cdbaa2ab3e1581a405a948addc34e3f3f4c2
  rspec-parameterized-core (1.0.1) sha256=31819939c433f58b59f83d1bcd08697ca74ea7e44e2a207f7445934f88461aab
  rspec-parameterized-table_syntax (1.0.1) sha256=ffead8f21f0711b3cdf8b74386f2ef7ac93b39c40b60658a5eda97072580f2fc
  rspec-support (3.13.7) sha256=0640e5570872aafefd79867901deeeeb40b0c9875a36b983d85f54fb7381c47c
  rubocop (1.71.1) sha256=d3dfd1e484a3a619dcf76c6a4fba694cd833921e4fd254d111845c26bcecfcfa
  rubocop-ast (1.49.1) sha256=4412f3ee70f6fe4546cc489548e0f6fcf76cafcfa80fa03af67098ffed755035
  rubocop-capybara (2.21.0) sha256=5d264efdd8b6c7081a3d4889decf1451a1cfaaec204d81534e236bc825b280ab
  rubocop-factory_bot (2.26.1) sha256=8de13cd4edcee5ca800f255188167ecef8dbfc3d1fae9f15734e9d2e755392aa
  rubocop-graphql (1.5.4) sha256=2d888d40b08577daf1e74ca4623be1e3058c1a93543d5a7220818f561a254192
  rubocop-performance (1.21.1) sha256=5cf20002a544275ad6aa99abca4b945d2a2ed71be925c38fe83700360ed8734e
  rubocop-rails (2.26.2) sha256=f5561a09d6afd2f54316f3f0f6057338ca55b6c24a25ba6a938d3ed0fded84ad
  rubocop-rspec (3.0.5) sha256=c6a8e29fb1b00d227c32df159e92f5ebb9e0ff734e52955fb13aff5c74977e0f
  rubocop-rspec_rails (2.30.0) sha256=888112e83f9d7ef7ad2397e9d69a0b9614a4bae24f072c399804a180f80c4c46
  ruby-progressbar (1.13.0) sha256=80fc9c47a9b640d6834e0dc7b3c94c9df37f08cb072b7761e4a71e22cff29b33
  securerandom (0.4.1) sha256=cc5193d414a4341b6e225f0cb4446aceca8e50d5e1888743fac16987638ea0b1
  snaky_hash (2.0.6) sha256=3663cae48cdef582b517025cf8a39d8789996eaf0b4ed89e2f0624836505654a
  strscan (3.1.8) sha256=aae2db611a225559f21ffbb71765c9a4e60fd262534a9ea84f4f11c7f32f679e
  tzinfo (2.0.6) sha256=8daf828cc77bcf7d63b0e3bdb6caa47e2272dcfaf4fbfe46f8c3a9df087a829b
  unicode-display_width (3.2.0) sha256=0cdd96b5681a5949cdbc2c55e7b420facae74c4aaf9a9815eee1087cb1853c42
  unicode-emoji (4.2.0) sha256=519e69150f75652e40bf736106cfbc8f0f73aa3fb6a65afe62fefa7f80b0f80f
  unparser (0.9.0) sha256=4331f174a73a23b69250b13d47da3794ed1449711ee0f9ed8947dc020ba76067
  uri (1.1.1) sha256=379fa58d27ffb1387eaada68c749d1426738bd0f654d812fcc07e7568f5c57c6
  version_gem (1.1.13) sha256=77f3035ac45877cd14610648fec2d23bd8c10fa13dfcf63a588825aa98587260
  webmock (3.26.2) sha256=774556f2ea6371846cca68c01769b2eac0d134492d21f6d0ab5dd643965a4c90

BUNDLED WITH
  4.0.13
