PATH
  remote: ../gems/gitlab-email_handler
  specs:
    gitlab-email_handler (0.1.0)

PATH
  remote: ../vendor/gems/gitlab-topology-service-client
  specs:
    gitlab-topology-service-client (0.1)
      google-protobuf (>= 3.25, < 5.0)
      grpc

GEM
  remote: https://rubygems.org/
  specs:
    actionpack (8.1.3)
      actionview (= 8.1.3)
      activesupport (= 8.1.3)
      nokogiri (>= 1.8.5)
      rack (>= 2.2.4)
      rack-session (>= 1.0.1)
      rack-test (>= 0.6.3)
      rails-dom-testing (~> 2.2)
      rails-html-sanitizer (~> 1.6)
      useragent (~> 0.16)
    actionview (8.1.3)
      activesupport (= 8.1.3)
      builder (~> 3.1)
      erubi (~> 1.11)
      rails-dom-testing (~> 2.2)
      rails-html-sanitizer (~> 1.6)
    activesupport (8.1.3)
      base64
      bigdecimal
      concurrent-ruby (~> 1.0, >= 1.3.1)
      connection_pool (>= 2.2.5)
      drb
      i18n (>= 1.6, < 2)
      json
      logger (>= 1.4.2)
      minitest (>= 5.1)
      securerandom (>= 0.3)
      tzinfo (~> 2.0, >= 2.0.5)
      uri (>= 0.13.1)
    anonymous_loader (0.1.2)
      version_gem (~> 1.1, >= 1.1.13)
    auth-sanitizer (0.2.2)
      version_gem (~> 1.1, >= 1.1.10)
    base64 (0.3.0)
    bigdecimal (4.1.2)
    builder (3.3.0)
    concurrent-ruby (1.3.7)
    connection_pool (3.0.2)
    crass (1.0.7)
    date (3.5.1)
    diff-lcs (1.6.2)
    drb (2.2.3)
    erubi (1.13.1)
    faraday (2.14.3)
      faraday-net_http (>= 2.0, < 3.5)
      json
      logger
    faraday-net_http (3.4.4)
      net-http (~> 0.5)
    gitlab-labkit (2.6.1)
      actionpack (>= 5.0.0, < 8.2.0)
      activesupport (>= 5.0.0, < 8.2.0)
      google-protobuf (>= 3.25, < 5.0)
      grpc (>= 1.75)
      jaeger-client (~> 1.1.0)
      json_schemer (>= 2.3.0, < 3.0)
      openssl (~> 3.3.2)
      opentelemetry-exporter-otlp (>= 0.31, < 1)
      opentelemetry-instrumentation-all (>= 0.89, < 1)
      opentelemetry-sdk (>= 1.10, < 2)
      opentracing (>= 0.4, < 1)
      pg_query (>= 6.1.0, < 7.0)
      prometheus-client-mmap (>= 1.2, < 2.0)
      redis (> 3.0.0, < 6.0.0)
    gitlab-mail_room (1.1.0)
      jwt (>= 2.0, < 4)
      net-imap (>= 0.5, < 0.7)
      oauth2 (>= 2.0.9, < 3)
      redis (>= 5, < 6)
      redis-namespace (>= 1.8.2, < 2)
    google-protobuf (4.35.1)
      bigdecimal
      rake (~> 13.3)
    google-protobuf (4.35.1-aarch64-linux-gnu)
      bigdecimal
      rake (~> 13.3)
    google-protobuf (4.35.1-aarch64-linux-musl)
      bigdecimal
      rake (~> 13.3)
    google-protobuf (4.35.1-arm64-darwin)
      bigdecimal
      rake (~> 13.3)
    google-protobuf (4.35.1-x86-linux-gnu)
      bigdecimal
      rake (~> 13.3)
    google-protobuf (4.35.1-x86-linux-musl)
      bigdecimal
      rake (~> 13.3)
    google-protobuf (4.35.1-x86_64-darwin)
      bigdecimal
      rake (~> 13.3)
    google-protobuf (4.35.1-x86_64-linux-gnu)
      bigdecimal
      rake (~> 13.3)
    google-protobuf (4.35.1-x86_64-linux-musl)
      bigdecimal
      rake (~> 13.3)
    googleapis-common-protos-types (1.23.0)
      google-protobuf (~> 4.26)
    grpc (1.81.1)
      google-protobuf (>= 3.25, < 5.0)
      googleapis-common-protos-types (~> 1.0)
    grpc (1.81.1-aarch64-linux-gnu)
      google-protobuf (>= 3.25, < 5.0)
      googleapis-common-protos-types (~> 1.0)
    grpc (1.81.1-aarch64-linux-musl)
      google-protobuf (>= 3.25, < 5.0)
      googleapis-common-protos-types (~> 1.0)
    grpc (1.81.1-arm64-darwin)
      google-protobuf (>= 3.25, < 5.0)
      googleapis-common-protos-types (~> 1.0)
    grpc (1.81.1-x86-linux-gnu)
      google-protobuf (>= 3.25, < 5.0)
      googleapis-common-protos-types (~> 1.0)
    grpc (1.81.1-x86-linux-musl)
      google-protobuf (>= 3.25, < 5.0)
      googleapis-common-protos-types (~> 1.0)
    grpc (1.81.1-x86_64-darwin)
      google-protobuf (>= 3.25, < 5.0)
      googleapis-common-protos-types (~> 1.0)
    grpc (1.81.1-x86_64-linux-gnu)
      google-protobuf (>= 3.25, < 5.0)
      googleapis-common-protos-types (~> 1.0)
    grpc (1.81.1-x86_64-linux-musl)
      google-protobuf (>= 3.25, < 5.0)
      googleapis-common-protos-types (~> 1.0)
    hana (1.3.7)
    hashie (5.1.0)
      logger
    i18n (1.15.2)
      concurrent-ruby (~> 1.0)
    jaeger-client (1.1.0)
      opentracing (~> 0.3)
      thrift
    json (2.20.0)
    json_schemer (2.5.0)
      bigdecimal
      hana (~> 1.3)
      regexp_parser (~> 2.0)
      simpleidn (~> 0.2)
    jwt (3.2.0)
      base64
    logger (1.7.0)
    loofah (2.25.1)
      crass (~> 1.0.2)
      nokogiri (>= 1.12.0)
    mail (2.9.0)
      logger
      mini_mime (>= 0.1.1)
      net-imap
      net-pop
      net-smtp
    mini_mime (1.1.5)
    mini_portile2 (2.8.9)
    minitest (6.0.6)
      drb (~> 2.0)
      prism (~> 1.5)
    multi_xml (0.9.1)
      bigdecimal (>= 3.1, < 5)
    net-http (0.9.1)
      uri (>= 0.11.1)
    net-imap (0.6.4.1)
      date
      net-protocol
    net-pop (0.1.2)
      net-protocol
    net-protocol (0.2.2)
      timeout
    net-smtp (0.5.1)
      net-protocol
    nokogiri (1.19.4)
      mini_portile2 (~> 2.8.2)
      racc (~> 1.4)
    nokogiri (1.19.4-aarch64-linux-gnu)
      racc (~> 1.4)
    nokogiri (1.19.4-aarch64-linux-musl)
      racc (~> 1.4)
    nokogiri (1.19.4-arm64-darwin)
      racc (~> 1.4)
    nokogiri (1.19.4-x86_64-darwin)
      racc (~> 1.4)
    nokogiri (1.19.4-x86_64-linux-gnu)
      racc (~> 1.4)
    nokogiri (1.19.4-x86_64-linux-musl)
      racc (~> 1.4)
    oauth2 (2.0.24)
      anonymous_loader (~> 0.1, >= 0.1.1)
      auth-sanitizer (~> 0.2, >= 0.2.2)
      faraday (>= 0.17.3, < 4.0)
      jwt (>= 1.0, < 4.0)
      logger (~> 1.2)
      multi_xml (~> 0.5)
      rack (>= 1.2, < 4)
      snaky_hash (~> 2.0, >= 2.0.6)
      version_gem (~> 1.1, >= 1.1.12)
    openssl (3.3.3)
    opentelemetry-api (1.10.0)
      logger
    opentelemetry-common (0.25.0)
      opentelemetry-api (~> 1.0)
    opentelemetry-exporter-otlp (0.34.0)
      google-protobuf (>= 3.18)
      googleapis-common-protos-types (~> 1.3)
      opentelemetry-api (~> 1.1)
      opentelemetry-common (~> 0.20)
      opentelemetry-sdk (~> 1.10)
      opentelemetry-semantic_conventions
    opentelemetry-helpers-mysql (0.6.0)
      opentelemetry-api (~> 1.7)
      opentelemetry-common (~> 0.21)
    opentelemetry-helpers-sql (0.4.0)
      opentelemetry-api (~> 1.7)
    opentelemetry-helpers-sql-processor (0.5.0)
      opentelemetry-api (~> 1.0)
      opentelemetry-common (~> 0.21)
    opentelemetry-instrumentation-action_mailer (0.8.1)
      opentelemetry-instrumentation-active_support (~> 0.10)
    opentelemetry-instrumentation-action_pack (0.18.0)
      opentelemetry-instrumentation-rack (~> 0.29)
    opentelemetry-instrumentation-action_view (0.13.0)
      opentelemetry-instrumentation-active_support (~> 0.10)
    opentelemetry-instrumentation-active_job (0.13.0)
      opentelemetry-instrumentation-base (~> 0.25)
    opentelemetry-instrumentation-active_model_serializers (0.25.0)
      opentelemetry-instrumentation-active_support (>= 0.7.0)
    opentelemetry-instrumentation-active_record (0.13.0)
      opentelemetry-instrumentation-base (~> 0.25)
    opentelemetry-instrumentation-active_storage (0.5.1)
      opentelemetry-instrumentation-active_support (~> 0.10)
    opentelemetry-instrumentation-active_support (0.12.0)
      opentelemetry-instrumentation-base (~> 0.25)
    opentelemetry-instrumentation-all (0.94.0)
      opentelemetry-instrumentation-active_model_serializers (~> 0.25.0)
      opentelemetry-instrumentation-anthropic (~> 0.5.0)
      opentelemetry-instrumentation-aws_lambda (~> 0.7.0)
      opentelemetry-instrumentation-aws_sdk (~> 0.12.0)
      opentelemetry-instrumentation-bunny (~> 0.25.0)
      opentelemetry-instrumentation-concurrent_ruby (~> 0.25.0)
      opentelemetry-instrumentation-dalli (~> 0.30.0)
      opentelemetry-instrumentation-delayed_job (~> 0.26.0)
      opentelemetry-instrumentation-ethon (~> 0.29.0)
      opentelemetry-instrumentation-excon (~> 0.29.0)
      opentelemetry-instrumentation-faraday (~> 0.33.0)
      opentelemetry-instrumentation-grape (~> 0.7.0)
      opentelemetry-instrumentation-graphql (~> 0.32.0)
      opentelemetry-instrumentation-grpc (~> 0.5.0)
      opentelemetry-instrumentation-gruf (~> 0.6.0)
      opentelemetry-instrumentation-http (~> 0.30.0)
      opentelemetry-instrumentation-http_client (~> 0.29.0)
      opentelemetry-instrumentation-httpx (~> 0.8.0)
      opentelemetry-instrumentation-koala (~> 0.24.0)
      opentelemetry-instrumentation-lmdb (~> 0.26.0)
      opentelemetry-instrumentation-mongo (~> 0.26.0)
      opentelemetry-instrumentation-mysql2 (~> 0.34.0)
      opentelemetry-instrumentation-net_http (~> 0.29.0)
      opentelemetry-instrumentation-pg (~> 0.36.0)
      opentelemetry-instrumentation-que (~> 0.13.0)
      opentelemetry-instrumentation-racecar (~> 0.7.0)
      opentelemetry-instrumentation-rack (~> 0.31.0)
      opentelemetry-instrumentation-rails (~> 0.42.0)
      opentelemetry-instrumentation-rake (~> 0.6.0)
      opentelemetry-instrumentation-rdkafka (~> 0.10.0)
      opentelemetry-instrumentation-redis (~> 0.29.0)
      opentelemetry-instrumentation-resque (~> 0.9.0)
      opentelemetry-instrumentation-restclient (~> 0.28.0)
      opentelemetry-instrumentation-ruby_kafka (~> 0.25.0)
      opentelemetry-instrumentation-sidekiq (~> 0.29.0)
      opentelemetry-instrumentation-sinatra (~> 0.30.0)
      opentelemetry-instrumentation-trilogy (~> 0.69.0)
    opentelemetry-instrumentation-anthropic (0.5.0)
      opentelemetry-instrumentation-base (~> 0.25)
    opentelemetry-instrumentation-aws_lambda (0.7.0)
      opentelemetry-instrumentation-base (~> 0.25)
    opentelemetry-instrumentation-aws_sdk (0.12.0)
      opentelemetry-instrumentation-base (~> 0.25)
    opentelemetry-instrumentation-base (0.26.1)
      opentelemetry-api (~> 1.7)
      opentelemetry-common (~> 0.21)
      opentelemetry-registry (~> 0.1)
    opentelemetry-instrumentation-bunny (0.25.0)
      opentelemetry-instrumentation-base (~> 0.25)
    opentelemetry-instrumentation-concurrent_ruby (0.25.0)
      opentelemetry-instrumentation-base (~> 0.25)
    opentelemetry-instrumentation-dalli (0.30.0)
      opentelemetry-instrumentation-base (~> 0.25)
    opentelemetry-instrumentation-delayed_job (0.26.0)
      opentelemetry-instrumentation-base (~> 0.25)
    opentelemetry-instrumentation-ethon (0.29.0)
      opentelemetry-instrumentation-base (~> 0.25)
    opentelemetry-instrumentation-excon (0.29.1)
      opentelemetry-instrumentation-base (~> 0.25)
    opentelemetry-instrumentation-faraday (0.33.0)
      opentelemetry-instrumentation-base (~> 0.25)
    opentelemetry-instrumentation-grape (0.7.0)
      opentelemetry-instrumentation-rack (~> 0.29)
    opentelemetry-instrumentation-graphql (0.32.0)
      opentelemetry-instrumentation-base (~> 0.25)
    opentelemetry-instrumentation-grpc (0.5.1)
      opentelemetry-instrumentation-base (~> 0.25)
    opentelemetry-instrumentation-gruf (0.6.1)
      opentelemetry-instrumentation-base (~> 0.25)
    opentelemetry-instrumentation-http (0.30.0)
      opentelemetry-instrumentation-base (~> 0.25)
    opentelemetry-instrumentation-http_client (0.29.0)
      opentelemetry-instrumentation-base (~> 0.25)
    opentelemetry-instrumentation-httpx (0.8.0)
      opentelemetry-instrumentation-base (~> 0.25)
    opentelemetry-instrumentation-koala (0.24.0)
      opentelemetry-instrumentation-base (~> 0.25)
    opentelemetry-instrumentation-lmdb (0.26.0)
      opentelemetry-instrumentation-base (~> 0.25)
    opentelemetry-instrumentation-mongo (0.26.0)
      opentelemetry-instrumentation-base (~> 0.25)
    opentelemetry-instrumentation-mysql2 (0.34.0)
      opentelemetry-helpers-mysql
      opentelemetry-helpers-sql
      opentelemetry-helpers-sql-processor
      opentelemetry-instrumentation-base (~> 0.25)
    opentelemetry-instrumentation-net_http (0.29.0)
      opentelemetry-instrumentation-base (~> 0.25)
    opentelemetry-instrumentation-pg (0.36.0)
      opentelemetry-helpers-sql
      opentelemetry-helpers-sql-processor
      opentelemetry-instrumentation-base (~> 0.25)
    opentelemetry-instrumentation-que (0.13.0)
      opentelemetry-instrumentation-base (~> 0.25)
    opentelemetry-instrumentation-racecar (0.7.0)
      opentelemetry-instrumentation-base (~> 0.25)
    opentelemetry-instrumentation-rack (0.31.1)
      opentelemetry-instrumentation-base (~> 0.25)
    opentelemetry-instrumentation-rails (0.42.0)
      opentelemetry-instrumentation-action_mailer (~> 0.7)
      opentelemetry-instrumentation-action_pack (~> 0.17)
      opentelemetry-instrumentation-action_view (~> 0.12)
      opentelemetry-instrumentation-active_job (~> 0.11)
      opentelemetry-instrumentation-active_record (~> 0.12)
      opentelemetry-instrumentation-active_storage (~> 0.4)
      opentelemetry-instrumentation-active_support (~> 0.11)
      opentelemetry-instrumentation-concurrent_ruby (~> 0.25)
    opentelemetry-instrumentation-rake (0.6.0)
      opentelemetry-instrumentation-base (~> 0.25)
    opentelemetry-instrumentation-rdkafka (0.10.0)
      opentelemetry-instrumentation-base (~> 0.25)
    opentelemetry-instrumentation-redis (0.29.0)
      opentelemetry-instrumentation-base (~> 0.25)
    opentelemetry-instrumentation-resque (0.9.0)
      opentelemetry-instrumentation-base (~> 0.25)
    opentelemetry-instrumentation-restclient (0.28.0)
      opentelemetry-instrumentation-base (~> 0.25)
    opentelemetry-instrumentation-ruby_kafka (0.25.0)
      opentelemetry-instrumentation-base (~> 0.25)
    opentelemetry-instrumentation-sidekiq (0.29.0)
      opentelemetry-instrumentation-base (~> 0.25)
    opentelemetry-instrumentation-sinatra (0.30.0)
      opentelemetry-instrumentation-rack (~> 0.29)
    opentelemetry-instrumentation-trilogy (0.69.0)
      opentelemetry-helpers-mysql
      opentelemetry-helpers-sql
      opentelemetry-helpers-sql-processor
      opentelemetry-instrumentation-base (~> 0.25)
      opentelemetry-semantic_conventions (>= 1.8.0)
    opentelemetry-registry (0.6.0)
      opentelemetry-api (~> 1.1)
    opentelemetry-sdk (1.12.0)
      logger
      opentelemetry-api (~> 1.1)
      opentelemetry-common (~> 0.20)
      opentelemetry-registry (~> 0.2)
      opentelemetry-semantic_conventions
    opentelemetry-semantic_conventions (1.41.0)
      opentelemetry-api (~> 1.0)
    opentracing (0.5.0)
    pg_query (6.2.2)
      google-protobuf (>= 3.25.3)
    prism (1.9.0)
    prometheus-client-mmap (1.6.0)
      base64
      bigdecimal
      logger
      rb_sys (~> 0.9.128)
    prometheus-client-mmap (1.6.0-aarch64-linux-gnu)
      base64
      bigdecimal
      logger
      rb_sys (~> 0.9.128)
    prometheus-client-mmap (1.6.0-aarch64-linux-musl)
      base64
      bigdecimal
      logger
      rb_sys (~> 0.9.128)
    prometheus-client-mmap (1.6.0-arm64-darwin)
      base64
      bigdecimal
      logger
      rb_sys (~> 0.9.128)
    prometheus-client-mmap (1.6.0-x86_64-darwin)
      base64
      bigdecimal
      logger
      rb_sys (~> 0.9.128)
    prometheus-client-mmap (1.6.0-x86_64-linux-gnu)
      base64
      bigdecimal
      logger
      rb_sys (~> 0.9.128)
    prometheus-client-mmap (1.6.0-x86_64-linux-musl)
      base64
      bigdecimal
      logger
      rb_sys (~> 0.9.128)
    racc (1.8.1)
    rack (3.2.6)
    rack-session (2.1.2)
      base64 (>= 0.1.0)
      rack (>= 3.0.0)
    rack-test (2.2.0)
      rack (>= 1.3)
    rails-dom-testing (2.3.0)
      activesupport (>= 5.0.0)
      minitest
      nokogiri (>= 1.6)
    rails-html-sanitizer (1.7.0)
      loofah (~> 2.25)
      nokogiri (>= 1.15.7, != 1.16.7, != 1.16.6, != 1.16.5, != 1.16.4, != 1.16.3, != 1.16.2, != 1.16.1, != 1.16.0.rc1, != 1.16.0)
    rake (13.4.2)
    rake-compiler-dock (1.12.0)
    rb_sys (0.9.128)
      rake-compiler-dock (= 1.12.0)
    redis (5.4.1)
      redis-client (>= 0.22.0)
    redis-client (0.30.0)
      connection_pool
    redis-namespace (1.11.0)
      redis (>= 4)
    regexp_parser (2.12.0)
    rspec (3.13.2)
      rspec-core (~> 3.13.0)
      rspec-expectations (~> 3.13.0)
      rspec-mocks (~> 3.13.0)
    rspec-core (3.13.6)
      rspec-support (~> 3.13.0)
    rspec-expectations (3.13.5)
      diff-lcs (>= 1.2.0, < 2.0)
      rspec-support (~> 3.13.0)
    rspec-mocks (3.13.8)
      diff-lcs (>= 1.2.0, < 2.0)
      rspec-support (~> 3.13.0)
    rspec-support (3.13.7)
    securerandom (0.4.1)
    simpleidn (0.2.3)
    snaky_hash (2.0.6)
      hashie (>= 0.1.0, < 6)
      version_gem (>= 1.1.8, < 3)
    thrift (0.23.0)
      logger
    timeout (0.6.1)
    tzinfo (2.0.6)
      concurrent-ruby (~> 1.0)
    uri (1.1.1)
    useragent (0.16.11)
    version_gem (1.1.13)

PLATFORMS
  aarch64-linux-gnu
  aarch64-linux-musl
  arm64-darwin
  ruby
  x86-linux-gnu
  x86-linux-musl
  x86_64-darwin
  x86_64-linux-gnu
  x86_64-linux-musl

DEPENDENCIES
  faraday (~> 2.0)
  gitlab-email_handler!
  gitlab-labkit (~> 2.6)
  gitlab-mail_room (~> 1.0)
  gitlab-topology-service-client!
  grpc (~> 1.0)
  jwt (>= 2.0, < 4)
  mail (~> 2.8)
  rspec (~> 3.0)

CHECKSUMS
  actionpack (8.1.3) sha256=af998cae4d47c5d581a2cc363b5c77eb718b7c4b45748d81b1887b25621c29a3
  actionview (8.1.3) sha256=1347c88c7f3edb38100c5ce0e9fb5e62d7755f3edc1b61cce2eb0b2c6ea2fd5d
  activesupport (8.1.3) sha256=21a5e0dfbd4c3ddd9e1317ec6a4d782fa226e7867dc70b0743acda81a1dca20e
  anonymous_loader (0.1.2) sha256=8ccf77c3f0812fb93d47956fdd6f30344a3835864e3cb1431ca597905985efc2
  auth-sanitizer (0.2.2) sha256=300112debb67fe5e7a4f67a697790cea09744970e816745afb1f4235d6f27bae
  base64 (0.3.0) sha256=27337aeabad6ffae05c265c450490628ef3ebd4b67be58257393227588f5a97b
  bigdecimal (4.1.2) sha256=53d217666027eab4280346fba98e7d5b66baaae1b9c3c1c0ffe89d48188a3fbd
  builder (3.3.0) sha256=497918d2f9dca528fdca4b88d84e4ef4387256d984b8154e9d5d3fe5a9c8835f
  concurrent-ruby (1.3.7) sha256=4412caec3a5ea2e5fdc52076724c071a81f2c0593d83b2ac8cbb8ca63b3151b0
  connection_pool (3.0.2) sha256=33fff5ba71a12d2aa26cb72b1db8bba2a1a01823559fb01d29eb74c286e62e0a
  crass (1.0.7) sha256=94868719948664c89ddcaf0a37c65048413dfcb1c869470a5f7a7ceb5390b295
  date (3.5.1) sha256=750d06384d7b9c15d562c76291407d89e368dda4d4fff957eb94962d325a0dc0
  diff-lcs (1.6.2) sha256=9ae0d2cba7d4df3075fe8cd8602a8604993efc0dfa934cff568969efb1909962
  drb (2.2.3) sha256=0b00d6fdb50995fe4a45dea13663493c841112e4068656854646f418fda13373
  erubi (1.13.1) sha256=a082103b0885dbc5ecf1172fede897f9ebdb745a4b97a5e8dc63953db1ee4ad9
  faraday (2.14.3) sha256=1882247e6766615c8220b4392bf1d27f6ebb63d8e28267587cef1fb0bf37f278
  faraday-net_http (3.4.4) sha256=0e78af151747ed1b00f33e25973b4bc220d7f16c00c39676817c8b12331eb588
  gitlab-email_handler (0.1.0)
  gitlab-labkit (2.6.1) sha256=4734c1f108c269f32c329000581268279dfb3b8338a5fe7715aba3b80a01e102
  gitlab-mail_room (1.1.0) sha256=784847b914a6636b30264fd8a042c15e39f3473f3acd78ebd254ac0a885a5878
  gitlab-topology-service-client (0.1)
  google-protobuf (4.35.1) sha256=a3a6471331d918f58dfa4d014a8f6286f0af2cf4840216bde52fcf2ea3fe3726
  google-protobuf (4.35.1-aarch64-linux-gnu) sha256=50ca44d0eeff3f8475e630a1accdd974256f3510694d574e2c9d6119ea8bc9e1
  google-protobuf (4.35.1-aarch64-linux-musl) sha256=d5c65cef6bd6498a9e5ed5f88cf6cf7e341c10b0a005e32137d5d1a2b6e8c18a
  google-protobuf (4.35.1-arm64-darwin) sha256=d9c957df04fa89c749fa9a72a7b383eb4296efc9b2303dc6fd6fbe39c698ad6b
  google-protobuf (4.35.1-x86-linux-gnu) sha256=cc7492566b27ad8b5dfa3a7b6f9b11e905050cc53c2fa8ff22de375a9e7a70fb
  google-protobuf (4.35.1-x86-linux-musl) sha256=ab403790b59e4dc588ffbed1eaacf05d4ca2f0d12ac9c13d6c64e69380d8c99e
  google-protobuf (4.35.1-x86_64-darwin) sha256=66b62b4df00931018a692806df66393efa960d6d2b7da69735187249f950d3ee
  google-protobuf (4.35.1-x86_64-linux-gnu) sha256=c786439087512a3fbd199e9897d265b855f951d4027e218ea55e858d45969edd
  google-protobuf (4.35.1-x86_64-linux-musl) sha256=91890eb0002934a339fdb7d77a147c46b7474b6799db27872b747b905837f744
  googleapis-common-protos-types (1.23.0) sha256=992e740a523794d9fc5f29a504465d8fc737aaa16c930fe7228e3346860faf0a
  grpc (1.81.1) sha256=9e5772153fe13a389654e9d397a90400f0077307fb4369f79f941d96c72e89cb
  grpc (1.81.1-aarch64-linux-gnu) sha256=aa24d7253a2b15d2c3570265a2f58bb8aca0ecd2e1116b7a259d633ebf582445
  grpc (1.81.1-aarch64-linux-musl) sha256=36af13b712e33b323878096ddcab7ec75d107d2e03ffce4aa2fcb70835747c8c
  grpc (1.81.1-arm64-darwin) sha256=6def610da088597e1a94bafbb36a92f19c456cb7df7bbe9618aeb63e8805ae9a
  grpc (1.81.1-x86-linux-gnu) sha256=05d85380ea3177e57b64b3a3cf5558fa6276ea5e81035e7e50f3d66b0a1dfe86
  grpc (1.81.1-x86-linux-musl) sha256=ed6d840a2026f056eda6646a78c5c632b948d6fabd564f3ebba641dc6c7f2b41
  grpc (1.81.1-x86_64-darwin) sha256=f8c44cdfc26270247f2beb49ecbc983d0c184b6c24ac4670d1d24f0efba811ed
  grpc (1.81.1-x86_64-linux-gnu) sha256=cf1053a594d026d2ec560457111258cd207bc67847aab24f96e04e2fbeddc4dd
  grpc (1.81.1-x86_64-linux-musl) sha256=c4e2d53566dedfb7e76b2226c18f92f6378b29fefb80879b2dabe17480faa555
  hana (1.3.7) sha256=5425db42d651fea08859811c29d20446f16af196308162894db208cac5ce9b0d
  hashie (5.1.0) sha256=c266471896f323c446ea8207f8ffac985d2718df0a0ba98651a3057096ca3870
  i18n (1.15.2) sha256=00f9eb62412fe593b2a65a97daa75300d37abb8f7202ec748e94b6d46a9dd1b5
  jaeger-client (1.1.0) sha256=cb5e9b9bbee6ee8d6a82d03d947a5b04543d8c0a949c22e484254f18d8a458a8
  json (2.20.0) sha256=9362bc6e55a952b056abf9167cf053358181c904cb70cd6eee0808ea830fc32b
  json_schemer (2.5.0) sha256=2f01fb4cce721a4e08dd068fc2030cffd0702a7f333f1ea2be6e8991f00ae396
  jwt (3.2.0) sha256=5419b1fe37b1da0982bd07051f573a8b8789ab724c2aa7e785e4784a3ed217d7
  logger (1.7.0) sha256=196edec7cc44b66cfb40f9755ce11b392f21f7967696af15d274dde7edff0203
  loofah (2.25.1) sha256=d436c73dbd0c1147b16c4a41db097942d217303e1f7728704b37e4df9f6d2e04
  mail (2.9.0) sha256=6fa6673ecd71c60c2d996260f9ee3dd387d4673b8169b502134659ece6d34941
  mini_mime (1.1.5) sha256=8681b7e2e4215f2a159f9400b5816d85e9d8c6c6b491e96a12797e798f8bccef
  mini_portile2 (2.8.9) sha256=0cd7c7f824e010c072e33f68bc02d85a00aeb6fce05bb4819c03dfd3c140c289
  minitest (6.0.6) sha256=153ea36d1d987a62942382b61075745042a2b3123b1cd48f4c3675af9cc7d6f1
  multi_xml (0.9.1) sha256=7ce766b59c17241ed62976caeae1fae9b2431b263398c35396239a68c4a64e57
  net-http (0.9.1) sha256=25ba0b67c63e89df626ed8fac771d0ad24ad151a858af2cc8e6a716ca4336996
  net-imap (0.6.4.1) sha256=29f0360d75a7efd3539f16ac1957dea5c0a51ddeceb348db4553c3120914ea0d
  net-pop (0.1.2) sha256=848b4e982013c15b2f0382792268763b748cce91c9e91e36b0f27ed26420dff3
  net-protocol (0.2.2) sha256=aa73e0cba6a125369de9837b8d8ef82a61849360eba0521900e2c3713aa162a8
  net-smtp (0.5.1) sha256=ed96a0af63c524fceb4b29b0d352195c30d82dd916a42f03c62a3a70e5b70736
  nokogiri (1.19.4) sha256=50c951611c92bca05c51411aef45f1cbc50f2821c4802758c5c6d34696533ab5
  nokogiri (1.19.4-aarch64-linux-gnu) sha256=1269fb644a6de405057a53dd5c762b1209b43ca7424f839454d3dbc677c31a8f
  nokogiri (1.19.4-aarch64-linux-musl) sha256=35c65b9ce72b3bb03207bdbe7067915019dc18c1b9b59139684bd6690fdd01af
  nokogiri (1.19.4-arm64-darwin) sha256=a46db9853286e6597b36ebc6953817d15acf3a299583eb3f89fdc6f91dd63527
  nokogiri (1.19.4-x86_64-darwin) sha256=7fd17057d3e1f00e9954a74b3cd76595d3d4a5ef233b7ed9599047c204f70551
  nokogiri (1.19.4-x86_64-linux-gnu) sha256=379fae440b28915e3f19d752ce2dcf8465ed2b2fbefd2a7ca0dd497bc981a06a
  nokogiri (1.19.4-x86_64-linux-musl) sha256=17dfb7c1fa194ae02fbf7c51a7afc8d278045ab3fdacfd86f91d02d7b274470b
  oauth2 (2.0.24) sha256=3d4864983ab9fb7d3c836bca9635ef7b347631918fa890fcd9793d40ec82c186
  openssl (3.3.3) sha256=d46902138f2987c13122fab826030a11c2bb9b8a16394215cbfc5062c5e2d335
  opentelemetry-api (1.10.0) sha256=99ee7c829b18381c31a817ee9bf6a160d737542d99cb8da55d443336d266bfa9
  opentelemetry-common (0.25.0) sha256=73915362e58d337fc92acbe1abfdaee1f725442527125fdb2af1420417f1149d
  opentelemetry-exporter-otlp (0.34.0) sha256=3b3cdf4329ba30f4389d849c7f13b8f9f983ecb4a030031c03997dffae1e2a60
  opentelemetry-helpers-mysql (0.6.0) sha256=7eeb5e6950c434775a8cf28b5fde4defc12e8b865c86479ce3119fcf593d9337
  opentelemetry-helpers-sql (0.4.0) sha256=b10e8c3a2cca28a98af951bbb3e4efdc59e68b25ba0825e055574af543420afb
  opentelemetry-helpers-sql-processor (0.5.0) sha256=b199241bc9451fcbd9f00b2f454830af19d4ca27c2219ea379c9b0d53cd0e0f1
  opentelemetry-instrumentation-action_mailer (0.8.1) sha256=2f2784ca41de0f284b4e3339181cf2ed24ce4e1dfc2751355f0939fcd0872b09
  opentelemetry-instrumentation-action_pack (0.18.0) sha256=90ba2c826b15539f7d02a4f37898592a41317e5c02785a7c2e7a8f782cbd5681
  opentelemetry-instrumentation-action_view (0.13.0) sha256=5b855610d1143972c527d4482d238ecc3d343c8d59e3c1390bad4056317f1568
  opentelemetry-instrumentation-active_job (0.13.0) sha256=42da156924bbabdaca6268be1e46963a04829bd0b2b82fc6e368597a3525cde2
  opentelemetry-instrumentation-active_model_serializers (0.25.0) sha256=98bb004f38781aff425f1fc52636eafd0e7b32d5479957f343e361f946786ad7
  opentelemetry-instrumentation-active_record (0.13.0) sha256=239fceaae5a42e82dd9dd87bc63b1888bea32058dac0779b5ea36110fcb3a299
  opentelemetry-instrumentation-active_storage (0.5.1) sha256=7acbab82184db6bf00c52fdb4ce7e2f4e6a1c6e3e5585b100d43d5d3e2d69b5b
  opentelemetry-instrumentation-active_support (0.12.0) sha256=29a2cbdcb3aad4a42f4c9e829dab11167b71ed8a5205ad54587fe4d59d8ee704
  opentelemetry-instrumentation-all (0.94.0) sha256=f1d1bb66638c57a4a38bf8f1a26eaa80094a35c26a839ab990b88f238809936f
  opentelemetry-instrumentation-anthropic (0.5.0) sha256=a6b1e1f324d35323d4714a7f204c9d34c46da07529877a725829420a4a44bb13
  opentelemetry-instrumentation-aws_lambda (0.7.0) sha256=50e5a32c454f2d38ecb53cc94e77dc646b33c47294cc6e6363e7c226097fa132
  opentelemetry-instrumentation-aws_sdk (0.12.0) sha256=e2f48bf471cefe4d4bd9cfdafabffce65790b73381040e82d337933ac8bfb366
  opentelemetry-instrumentation-base (0.26.1) sha256=49e8d35d565e1a13b4a6b794a4cca4ed8c590d9b33bda5244249bd98c8673775
  opentelemetry-instrumentation-bunny (0.25.0) sha256=a8b20b7b4cdbfcfd64036b41c160061b164da2938aa7a7621849ee9f7ecb81b8
  opentelemetry-instrumentation-concurrent_ruby (0.25.0) sha256=722912e7078e3025a84a25d0b6085702417598c58187c19a762234702cbf7b2d
  opentelemetry-instrumentation-dalli (0.30.0) sha256=5e2fc0ef1f7eb684c6a987789ad0bad22ea9350376e134cd7c803e5eb02776ee
  opentelemetry-instrumentation-delayed_job (0.26.0) sha256=98beac35860800e3235b7b79bed9e53af07f601733f5a0020ce9db2f906ce79c
  opentelemetry-instrumentation-ethon (0.29.0) sha256=878135c550d01e2900348a92e9ca8e508e131d9d59d0e698c6a021fc7723181f
  opentelemetry-instrumentation-excon (0.29.1) sha256=7a9f1c52f6c804e81db5b8e06ea7cbcd3c1dae803e46407727ce9f62e7fed3c6
  opentelemetry-instrumentation-faraday (0.33.0) sha256=f4320bece35997b8ce2ba520eaf52499b89a0c048fce9ce0a10c1ae5d783f801
  opentelemetry-instrumentation-grape (0.7.0) sha256=1b7dddd8e2baad62de6cd20fc924089fb5b8953e23ba41b83b4116ad5bcc03bf
  opentelemetry-instrumentation-graphql (0.32.0) sha256=c3af73b42ac5ac873476f2c4c4cf46de2fb81bb74612cea61214a9911708afaa
  opentelemetry-instrumentation-grpc (0.5.1) sha256=e7a40d1b394745bf638aba27f2c207b439c9e7fd1196f713c731e91697d19bc1
  opentelemetry-instrumentation-gruf (0.6.1) sha256=875407e0063f874a01768ed567b13913ab8d03115bb9ff76f179149abc597dd5
  opentelemetry-instrumentation-http (0.30.0) sha256=36d2639eab81d386b25e99e0d91fe31888a255159a1213b9648e8359751055c8
  opentelemetry-instrumentation-http_client (0.29.0) sha256=92363f0aa7a4286cb02e551c483078a2d5323e9f4ca2b706f2066834f7793d3d
  opentelemetry-instrumentation-httpx (0.8.0) sha256=694b6e3eb6df04f1534d7713b5bd67ab5c2e2f2d5438f2c972542b1617378fec
  opentelemetry-instrumentation-koala (0.24.0) sha256=70acc5e23bec54de26f3741e35056523cf9746329e7789f5be99ba1424b955f9
  opentelemetry-instrumentation-lmdb (0.26.0) sha256=e032b0a95c2df84e8f23a3c9b24af2ffa4f75ec3b3a72171951ef16ace490cd7
  opentelemetry-instrumentation-mongo (0.26.0) sha256=511407dd4fe06cb11be54b40b0a38f684aba1fc0569a5f6982c013e07e370ffd
  opentelemetry-instrumentation-mysql2 (0.34.0) sha256=3c38c7ac7251d2ac3f7fc744f0f0efb05459635b74232d264727874e9e8552b8
  opentelemetry-instrumentation-net_http (0.29.0) sha256=fae5eb6a794bbf87fb15752343b74d5cfd2bb830353f42cab3483fd2f3f84fe7
  opentelemetry-instrumentation-pg (0.36.0) sha256=f7346f8c4377c053ca2720ac112eacef884840e3f97621ec6f553f3cb23baec7
  opentelemetry-instrumentation-que (0.13.0) sha256=95e04b8c17e89eaa446f5dff7975cf72c2e74f7e1e84717be47facf510613112
  opentelemetry-instrumentation-racecar (0.7.0) sha256=93a991917687aa0a6e785ccd8d0de5746af110122552b2bf1e3abe12ab04584a
  opentelemetry-instrumentation-rack (0.31.1) sha256=29a9c145ce6d3fa2938f30334209787c29b581a51fdb472e2098a1d69e15536a
  opentelemetry-instrumentation-rails (0.42.0) sha256=5ea3808373ca73ee9fa4ecf337471bad1c28e98ea64460b89ab225f5b6eaf8b3
  opentelemetry-instrumentation-rake (0.6.0) sha256=71746e4e172560f8ccf1d3c91354196f5aa0fd9b0c477d6ff17a451cef901822
  opentelemetry-instrumentation-rdkafka (0.10.0) sha256=ad1a4aa78c0ab43c1f130d961f54e1d6ac20c674b0180b87d4364770b81ec209
  opentelemetry-instrumentation-redis (0.29.0) sha256=5f855d31ff7f72f79ef97e846655eaf31455a5c9549578725918196df09545ec
  opentelemetry-instrumentation-resque (0.9.0) sha256=c79de5ed739ebe8acc9e13f0c69d6b2b81266806a3b3fec6cb6a8ef8151a0e05
  opentelemetry-instrumentation-restclient (0.28.0) sha256=749b76d46c85a78882d924ba2edeff408f50def33099a67d95d88ddc4fa10307
  opentelemetry-instrumentation-ruby_kafka (0.25.0) sha256=33ceccd5cef4f648e652fa45896d0b014da1a71b3a80f17064829ee5aa84e285
  opentelemetry-instrumentation-sidekiq (0.29.0) sha256=b1d2a0cb9041a5e14239fe7c94d99e3dd07f870e2759460ab63592d7cdd8aadc
  opentelemetry-instrumentation-sinatra (0.30.0) sha256=b67301153420f43264a0c68cdb3ca5bd77467cf5054e57b83a2bf891aaaa0361
  opentelemetry-instrumentation-trilogy (0.69.0) sha256=0676dd720eeab284abfa52f273967442156fcac7084a1e1411373cf14ec026ad
  opentelemetry-registry (0.6.0) sha256=5d3ed32ab9eee0fbdb30d4f0d0bb61ad11a4040b267b475ae815b80a8498a728
  opentelemetry-sdk (1.12.0) sha256=a224abe0c59023d41cb7ac1c634d9d28843907efcd045ed1ae320796c48b864b
  opentelemetry-semantic_conventions (1.41.0) sha256=3be5e4c141f9c5e9db17ab491ac76826519296ea80994bf7b9ada95c668cc010
  opentracing (0.5.0) sha256=deb5d7abe6b0e7631d866d8cb5ee7bb9352650a504a32f61591302bc510b9286
  pg_query (6.2.2) sha256=316c194160ccfac8af9a7aff55cdc5b2d13bdd8bd8734976c6bddc477e779b6f
  prism (1.9.0) sha256=7b530c6a9f92c24300014919c9dcbc055bf4cdf51ec30aed099b06cd6674ef85
  prometheus-client-mmap (1.6.0) sha256=239e5d26462afa4f1f07102c7d2ce7f921ed40168a56294df38f88b7b9636570
  prometheus-client-mmap (1.6.0-aarch64-linux-gnu) sha256=a5f1b4f9204042ffbbfab269ef3e18e60297788da32a8b12a2fed243939dc44d
  prometheus-client-mmap (1.6.0-aarch64-linux-musl) sha256=e8fcba32ef2483dcbc0794b96d3b2087d4fbcc0992b8edfa996e68b827c0f58e
  prometheus-client-mmap (1.6.0-arm64-darwin) sha256=852ade15c7459fea03ef17c0eb4d6c8e78a6364ca094dcdf5d98590e18f3bfe5
  prometheus-client-mmap (1.6.0-x86_64-darwin) sha256=3187045bb3fa6c6a44f048c152fde8f485e77e60391a295a4967c76cc7f44c26
  prometheus-client-mmap (1.6.0-x86_64-linux-gnu) sha256=5ff65d847388ece19b9b1fec6ca23ff62699d488b9d5e94b4a4be5be102482b3
  prometheus-client-mmap (1.6.0-x86_64-linux-musl) sha256=dac9bd65446d21df1cde5cd07486054cf331d320d8188617faa4f11b4c0974e0
  racc (1.8.1) sha256=4a7f6929691dbec8b5209a0b373bc2614882b55fc5d2e447a21aaa691303d62f
  rack (3.2.6) sha256=5ed78e1f73b2e25679bec7d45ee2d4483cc4146eb1be0264fc4d94cb5ef212c2
  rack-session (2.1.2) sha256=595434f8c0c3473ae7d7ac56ecda6cc6dfd9d37c0b2b5255330aa1576967ffe8
  rack-test (2.2.0) sha256=005a36692c306ac0b4a9350355ee080fd09ddef1148a5f8b2ac636c720f5c463
  rails-dom-testing (2.3.0) sha256=8acc7953a7b911ca44588bf08737bc16719f431a1cc3091a292bca7317925c1d
  rails-html-sanitizer (1.7.0) sha256=28b145cceaf9cc214a9874feaa183c3acba036c9592b19886e0e45efc62b1e89
  rake (13.4.2) sha256=cb825b2bd5f1f8e91ca37bddb4b9aaf345551b4731da62949be002fa89283701
  rake-compiler-dock (1.12.0) sha256=f13205c2738f3d2053afcd03491a9e4541b22a59a0bfc53fc8bc883bd8188023
  rb_sys (0.9.128) sha256=9ab81f4d6d4e1895de18762232362d1264475aa7035756b50441e442130538fd
  redis (5.4.1) sha256=b5e675b57ad22b15c9bcc765d5ac26f60b675408af916d31527af9bd5a81faae
  redis-client (0.30.0) sha256=743f11ed42f0a41a0341554087b077479fec7e2d47a7c123fd90a12c0db5e477
  redis-namespace (1.11.0) sha256=e91a1aa2b2d888b6dea1d4ab8d39e1ae6fac3426161feb9d91dd5cca598a2239
  regexp_parser (2.12.0) sha256=35a916a1d63190ab5c9009457136ae5f3c0c7512d60291d0d1378ba18ce08ebb
  rspec (3.13.2) sha256=206284a08ad798e61f86d7ca3e376718d52c0bc944626b2349266f239f820587
  rspec-core (3.13.6) sha256=a8823c6411667b60a8bca135364351dda34cd55e44ff94c4be4633b37d828b2d
  rspec-expectations (3.13.5) sha256=33a4d3a1d95060aea4c94e9f237030a8f9eae5615e9bd85718fe3a09e4b58836
  rspec-mocks (3.13.8) sha256=086ad3d3d17533f4237643de0b5c42f04b66348c28bf6b9c2d3f4a3b01af1d47
  rspec-support (3.13.7) sha256=0640e5570872aafefd79867901deeeeb40b0c9875a36b983d85f54fb7381c47c
  securerandom (0.4.1) sha256=cc5193d414a4341b6e225f0cb4446aceca8e50d5e1888743fac16987638ea0b1
  simpleidn (0.2.3) sha256=08ce96f03fa1605286be22651ba0fc9c0b2d6272c9b27a260bc88be05b0d2c29
  snaky_hash (2.0.6) sha256=3663cae48cdef582b517025cf8a39d8789996eaf0b4ed89e2f0624836505654a
  thrift (0.23.0) sha256=f7ea697a60b7b9318ba5df0a7c7c90f9411ea4f19eb096ed7ca720518708592f
  timeout (0.6.1) sha256=78f57368a7e7bbadec56971f78a3f5ecbcfb59b7fcbb0a3ed6ddc08a5094accb
  tzinfo (2.0.6) sha256=8daf828cc77bcf7d63b0e3bdb6caa47e2272dcfaf4fbfe46f8c3a9df087a829b
  uri (1.1.1) sha256=379fa58d27ffb1387eaada68c749d1426738bd0f654d812fcc07e7568f5c57c6
  useragent (0.16.11) sha256=700e6413ad4bb954bb63547fa098dddf7b0ebe75b40cc6f93b8d54255b173844
  version_gem (1.1.13) sha256=77f3035ac45877cd14610648fec2d23bd8c10fa13dfcf63a588825aa98587260

BUNDLED WITH
  4.0.15
